
Microsoft Visual Studio Solution File, Format Version 12.00
# Visual Studio Version 16
VisualStudioVersion = 16.0.29123.88
MinimumVisualStudioVersion = 10.0.40219.1
Project("{FAE04EC0-301F-11D3-BF4B-00C04F79EFBC}") = "Proj1", "Proj1.csproj", "{2803510E-B2CE-4476-B26C-E865292B87E0}"
EndProject
Global
	GlobalSection(SolutionConfigurationPlatforms) = preSolution
		Debug|Any CPU = Debug|Any CPU
		Release|Any CPU = Release|Any CPU
	EndGlobalSection
	GlobalSection(ProjectConfigurationPlatforms) = postSolution
		{2803510E-B2CE-4476-B26C-E865292B87E0}.Debug|Any CPU.ActiveCfg = Debug|Any CPU
		{2803510E-B2CE-4476-B26C-E865292B87E0}.Debug|Any CPU.Build.0 = Debug|Any CPU
		{2803510E-B2CE-4476-B26C-E865292B87E0}.Release|Any CPU.ActiveCfg = Release|Any CPU
		{2803510E-B2CE-4476-B26C-E865292B87E0}.Release|Any CPU.Build.0 = Release|Any CPU
	EndGlobalSection
	GlobalSection(SolutionProperties) = preSolution
		HideSolutionNode = FALSE
	EndGlobalSection
	GlobalSection(ExtensibilityGlobals) = postSolution
		SolutionGuid = {B9FDCF36-5019-48D6-8F94-345FB09CE3A1}
	EndGlobalSection
EndGlobal
